
Microsoft Visual Studio Solution File, Format Version 12.00
# Visual Studio 2013
VisualStudioVersion = 12.0.31101.0
MinimumVisualStudioVersion = 10.0.40219.1
Project("{FAE04EC0-301F-11D3-BF4B-00C04F79EFBC}") = "InfiniteFlightAirport_Automation", "InfiniteFlightAirport_Automation\InfiniteFlightAirport_Automation.csproj", "{735EA03F-7C8F-4417-8D5A-080F4FC8486E}"
EndProject
Global
	GlobalSection(SolutionConfigurationPlatforms) = preSolution
		Debug|Any CPU = Debug|Any CPU
		Release|Any CPU = Release|Any CPU
	EndGlobalSection
	GlobalSection(ProjectConfigurationPlatforms) = postSolution
		{735EA03F-7C8F-4417-8D5A-080F4FC8486E}.Debug|Any CPU.ActiveCfg = Debug|Any CPU
		{735EA03F-7C8F-4417-8D5A-080F4FC8486E}.Debug|Any CPU.Build.0 = Debug|Any CPU
		{735EA03F-7C8F-4417-8D5A-080F4FC8486E}.Release|Any CPU.ActiveCfg = Release|Any CPU
		{735EA03F-7C8F-4417-8D5A-080F4FC8486E}.Release|Any CPU.Build.0 = Release|Any CPU
	EndGlobalSection
	GlobalSection(SolutionProperties) = preSolution
		HideSolutionNode = FALSE
	EndGlobalSection
EndGlobal
